<?xml version="1.0" encoding="UTF-8"?>
<Scheme
   LastUpgradeVersion = "0940"
   version = "1.7">
   <BuildAction
      parallelizeBuildables = "NO"
      buildImplicitDependencies = "YES">
      <PreActions>
         <ExecutionAction
            ActionType = "Xcode.IDEStandardExecutionActionsCore.ExecutionActionType.ShellScriptAction">
            <ActionContent
               title = "Run Script"
               scriptText = "&quot;${SRCROOT}/../node_modules/react-native-config/ios/ReactNativeConfig/BuildXCConfig.rb&quot; &quot;${SRCROOT}/..&quot; &quot;${SRCROOT}/tmp.xcconfig&quot;&#10;&#10;">
               <EnvironmentBuildable>
                  <BuildableReference
                     BuildableIdentifier = "primary"
                     BlueprintIdentifier = "13B07F861A680F5B00A75B9A"
                     BuildableName = "Discipline.app"
                     BlueprintName = "Discipline"
                     ReferencedContainer = "container:Discipline.xcodeproj">
                  </BuildableReference>
               </EnvironmentBuildable>
            </ActionContent>
         </ExecutionAction>
      </PreActions>
      <BuildActionEntries>
         <BuildActionEntry
            buildForTesting = "NO"
            buildForRunning = "YES"
            buildForProfiling = "NO"
            buildForArchiving = "YES"
            buildForAnalyzing = "NO">
            <BuildableReference
               BuildableIdentifier = "primary"
               BlueprintIdentifier = "83CBBA2D1A601D0E00E9B192"
               BuildableName = "libReact.a"
               BlueprintName = "React"
               ReferencedContainer = "container:../node_modules/react-native/React/React.xcodeproj">
            </BuildableReference>
         </BuildActionEntry>
         <BuildActionEntry
            buildForTesting = "NO"
            buildForRunning = "YES"
            buildForProfiling = "NO"
            buildForArchiving = "YES"
            buildForAnalyzing = "NO">
            <BuildableReference
               BuildableIdentifier = "primary"
               BlueprintIdentifier = "13B07F861A680F5B00A75B9A"
               BuildableName = "Discipline.app"
               BlueprintName = "Discipline"
               ReferencedContainer = "container:Discipline.xcodeproj">
            </BuildableReference>
         </BuildActionEntry>
         <BuildActionEntry
            buildForTesting = "NO"
            buildForRunning = "YES"
            buildForProfiling = "NO"
            buildForArchiving = "NO"
            buildForAnalyzing = "NO">
            <BuildableReference
               BuildableIdentifier = "primary"
               BlueprintIdentifier = "00E356ED1AD99517003FC87E"
               BuildableName = "DisciplineTests.xctest"
               BlueprintName = "DisciplineTests"
               ReferencedContainer = "container:Discipline.xcodeproj">
            </BuildableReference>
         </BuildActionEntry>
      </BuildActionEntries>
   </BuildAction>
   <TestAction
      buildConfiguration = "Debug"
      selectedDebuggerIdentifier = "Xcode.DebuggerFoundation.Debugger.LLDB"
      selectedLauncherIdentifier = "Xcode.DebuggerFoundation.Launcher.LLDB"
      shouldUseLaunchSchemeArgsEnv = "YES">
      <MacroExpansion>
         <BuildableReference
            BuildableIdentifier = "primary"
            BlueprintIdentifier = "13B07F861A680F5B00A75B9A"
            BuildableName = "Discipline.app"
            BlueprintName = "Discipline"
            ReferencedContainer = "container:Discipline.xcodeproj">
         </BuildableReference>
      </MacroExpansion>
      <Testables>
      </Testables>
   </TestAction>
   <LaunchAction
      buildConfiguration = "Debug"
      selectedDebuggerIdentifier = "Xcode.DebuggerFoundation.Debugger.LLDB"
      selectedLauncherIdentifier = "Xcode.DebuggerFoundation.Launcher.LLDB"
      launchStyle = "0"
      useCustomWorkingDirectory = "NO"
      ignoresPersistentStateOnLaunch = "NO"
      debugDocumentVersioning = "YES"
      debugServiceExtension = "internal"
      allowLocationSimulation = "YES">
      <BuildableProductRunnable
         runnableDebuggingMode = "0">
         <BuildableReference
            BuildableIdentifier = "primary"
            BlueprintIdentifier = "13B07F861A680F5B00A75B9A"
            BuildableName = "Discipline.app"
            BlueprintName = "Discipline"
            ReferencedContainer = "container:Discipline.xcodeproj">
         </BuildableReference>
      </BuildableProductRunnable>
      <EnvironmentVariables>
         <EnvironmentVariable
            key = "ENVFILE"
            value = ".env"
            isEnabled = "YES">
         </EnvironmentVariable>
         <EnvironmentVariable
            key = "OS_ACTIVITY_MODE&#10;"
            value = "disable"
            isEnabled = "YES">
         </EnvironmentVariable>
      </EnvironmentVariables>
      <LocationScenarioReference
         identifier = "San Francisco, CA, USA"
         referenceType = "1">
      </LocationScenarioReference>
   </LaunchAction>
   <ProfileAction
      buildConfiguration = "Debug"
      shouldUseLaunchSchemeArgsEnv = "YES"
      savedToolIdentifier = ""
      useCustomWorkingDirectory = "NO"
      debugDocumentVersioning = "YES">
   </ProfileAction>
   <AnalyzeAction
      buildConfiguration = "Debug">
   </AnalyzeAction>
   <ArchiveAction
      buildConfiguration = "Release"
      revealArchiveInOrganizer = "YES">
   </ArchiveAction>
</Scheme>
